
Microsoft Visual Studio Solution File, Format Version 12.00
# Visual Studio Version 17
VisualStudioVersion = 17.4.33205.214
MinimumVisualStudioVersion = 10.0.40219.1
Project("{8BC9CEB8-8B4A-11D0-8D11-00A0C91BC942}") = "atp", "atp\atp.vcxproj", "{56BDF0B4-96FB-4C4D-A0ED-6C08A27427A6}"
EndProject
Global
	GlobalSection(SolutionConfigurationPlatforms) = preSolution
		Debug|x64 = Debug|x64
		Debug|x86 = Debug|x86
		Release|x64 = Release|x64
		Release|x86 = Release|x86
	EndGlobalSection
	GlobalSection(ProjectConfigurationPlatforms) = postSolution
		{56BDF0B4-96FB-4C4D-A0ED-6C08A27427A6}.Debug|x64.ActiveCfg = Debug|x64
		{56BDF0B4-96FB-4C4D-A0ED-6C08A27427A6}.Debug|x64.Build.0 = Debug|x64
		{56BDF0B4-96FB-4C4D-A0ED-6C08A27427A6}.Debug|x86.ActiveCfg = Debug|Win32
		{56BDF0B4-96FB-4C4D-A0ED-6C08A27427A6}.Debug|x86.Build.0 = Debug|Win32
		{56BDF0B4-96FB-4C4D-A0ED-6C08A27427A6}.Release|x64.ActiveCfg = Release|x64
		{56BDF0B4-96FB-4C4D-A0ED-6C08A27427A6}.Release|x64.Build.0 = Release|x64
		{56BDF0B4-96FB-4C4D-A0ED-6C08A27427A6}.Release|x86.ActiveCfg = Release|Win32
		{56BDF0B4-96FB-4C4D-A0ED-6C08A27427A6}.Release|x86.Build.0 = Release|Win32
	EndGlobalSection
	GlobalSection(SolutionProperties) = preSolution
		HideSolutionNode = FALSE
	EndGlobalSection
	GlobalSection(ExtensibilityGlobals) = postSolution
		SolutionGuid = {7E082719-9E6A-4A9F-AAB0-BF8D8D70CA4C}
	EndGlobalSection
EndGlobal
